
Microsoft Visual Studio Solution File, Format Version 12.00
# Visual Studio Version 17
VisualStudioVersion = 17.7.34031.279
MinimumVisualStudioVersion = 10.0.40219.1
Project("{9A19103F-16F7-4668-BE54-9A1E7A4F7556}") = "API", "API\API.csproj", "{A969D069-DB0F-470F-A82C-55BF2B9E1CCF}"
EndProject
Project("{E53339B2-1760-4266-BCC7-CA923CBCF16C}") = "docker-compose", "docker-compose.dcproj", "{81BF4840-AC19-4128-862A-6C1DED5626A2}"
EndProject
Global
	GlobalSection(SolutionConfigurationPlatforms) = preSolution
		Debug|Any CPU = Debug|Any CPU
		Release|Any CPU = Release|Any CPU
	EndGlobalSection
	GlobalSection(ProjectConfigurationPlatforms) = postSolution
		{A969D069-DB0F-470F-A82C-55BF2B9E1CCF}.Debug|Any CPU.ActiveCfg = Debug|Any CPU
		{A969D069-DB0F-470F-A82C-55BF2B9E1CCF}.Debug|Any CPU.Build.0 = Debug|Any CPU
		{A969D069-DB0F-470F-A82C-55BF2B9E1CCF}.Release|Any CPU.ActiveCfg = Release|Any CPU
		{A969D069-DB0F-470F-A82C-55BF2B9E1CCF}.Release|Any CPU.Build.0 = Release|Any CPU
		{81BF4840-AC19-4128-862A-6C1DED5626A2}.Debug|Any CPU.ActiveCfg = Debug|Any CPU
		{81BF4840-AC19-4128-862A-6C1DED5626A2}.Debug|Any CPU.Build.0 = Debug|Any CPU
		{81BF4840-AC19-4128-862A-6C1DED5626A2}.Release|Any CPU.ActiveCfg = Release|Any CPU
		{81BF4840-AC19-4128-862A-6C1DED5626A2}.Release|Any CPU.Build.0 = Release|Any CPU
	EndGlobalSection
	GlobalSection(SolutionProperties) = preSolution
		HideSolutionNode = FALSE
	EndGlobalSection
	GlobalSection(ExtensibilityGlobals) = postSolution
		SolutionGuid = {D19ED2F3-6236-46A8-9E5F-4D9DA01F0680}
	EndGlobalSection
EndGlobal
